
Microsoft Visual Studio Solution File, Format Version 12.00
# Visual Studio 2013
VisualStudioVersion = 12.0.21005.1
MinimumVisualStudioVersion = 10.0.40219.1
Project("{FAE04EC0-301F-11D3-BF4B-00C04F79EFBC}") = "WhiteBoxQA", "WhiteBoxQA\WhiteBoxQA.csproj", "{7FBBF6DD-0A84-41FD-BEA6-DC70AD819227}"
EndProject
Project("{FAE04EC0-301F-11D3-BF4B-00C04F79EFBC}") = "WhiteBoxQA.Tests", "WhiteBoxQA.Tests\WhiteBoxQA.Tests.csproj", "{0158B059-9213-44ED-98A6-31F233DC11FE}"
EndProject
Global
	GlobalSection(SolutionConfigurationPlatforms) = preSolution
		Debug|Any CPU = Debug|Any CPU
		Release|Any CPU = Release|Any CPU
	EndGlobalSection
	GlobalSection(ProjectConfigurationPlatforms) = postSolution
		{7FBBF6DD-0A84-41FD-BEA6-DC70AD819227}.Debug|Any CPU.ActiveCfg = Debug|Any CPU
		{7FBBF6DD-0A84-41FD-BEA6-DC70AD819227}.Debug|Any CPU.Build.0 = Debug|Any CPU
		{7FBBF6DD-0A84-41FD-BEA6-DC70AD819227}.Release|Any CPU.ActiveCfg = Release|Any CPU
		{7FBBF6DD-0A84-41FD-BEA6-DC70AD819227}.Release|Any CPU.Build.0 = Release|Any CPU
		{0158B059-9213-44ED-98A6-31F233DC11FE}.Debug|Any CPU.ActiveCfg = Debug|Any CPU
		{0158B059-9213-44ED-98A6-31F233DC11FE}.Debug|Any CPU.Build.0 = Debug|Any CPU
		{0158B059-9213-44ED-98A6-31F233DC11FE}.Release|Any CPU.ActiveCfg = Release|Any CPU
		{0158B059-9213-44ED-98A6-31F233DC11FE}.Release|Any CPU.Build.0 = Release|Any CPU
	EndGlobalSection
	GlobalSection(SolutionProperties) = preSolution
		HideSolutionNode = FALSE
	EndGlobalSection
EndGlobal
